
Microsoft Visual Studio Solution File, Format Version 12.00
# Visual Studio Version 17
VisualStudioVersion = 17.4.33213.308
MinimumVisualStudioVersion = 10.0.40219.1
Project("{FAE04EC0-301F-11D3-BF4B-00C04F79EFBC}") = "Proyecto3.Android", "Proyecto3\Proyecto3.Android\Proyecto3.Android.csproj", "{95E0EABC-515D-4BBB-8AD2-0FFEDBD20C35}"
EndProject
Project("{9A19103F-16F7-4668-BE54-9A1E7A4F7556}") = "Proyecto3", "Proyecto3\Proyecto3\Proyecto3.csproj", "{4AE806E1-E154-463F-85C9-734EA46892CB}"
EndProject
Global
	GlobalSection(SolutionConfigurationPlatforms) = preSolution
		Debug|Any CPU = Debug|Any CPU
		Release|Any CPU = Release|Any CPU
	EndGlobalSection
	GlobalSection(ProjectConfigurationPlatforms) = postSolution
		{95E0EABC-515D-4BBB-8AD2-0FFEDBD20C35}.Debug|Any CPU.ActiveCfg = Debug|Any CPU
		{95E0EABC-515D-4BBB-8AD2-0FFEDBD20C35}.Debug|Any CPU.Build.0 = Debug|Any CPU
		{95E0EABC-515D-4BBB-8AD2-0FFEDBD20C35}.Debug|Any CPU.Deploy.0 = Debug|Any CPU
		{95E0EABC-515D-4BBB-8AD2-0FFEDBD20C35}.Release|Any CPU.ActiveCfg = Release|Any CPU
		{95E0EABC-515D-4BBB-8AD2-0FFEDBD20C35}.Release|Any CPU.Build.0 = Release|Any CPU
		{95E0EABC-515D-4BBB-8AD2-0FFEDBD20C35}.Release|Any CPU.Deploy.0 = Release|Any CPU
		{4AE806E1-E154-463F-85C9-734EA46892CB}.Debug|Any CPU.ActiveCfg = Debug|Any CPU
		{4AE806E1-E154-463F-85C9-734EA46892CB}.Debug|Any CPU.Build.0 = Debug|Any CPU
		{4AE806E1-E154-463F-85C9-734EA46892CB}.Debug|Any CPU.Deploy.0 = Debug|Any CPU
		{4AE806E1-E154-463F-85C9-734EA46892CB}.Release|Any CPU.ActiveCfg = Release|Any CPU
		{4AE806E1-E154-463F-85C9-734EA46892CB}.Release|Any CPU.Build.0 = Release|Any CPU
		{4AE806E1-E154-463F-85C9-734EA46892CB}.Release|Any CPU.Deploy.0 = Release|Any CPU
	EndGlobalSection
	GlobalSection(SolutionProperties) = preSolution
		HideSolutionNode = FALSE
	EndGlobalSection
	GlobalSection(ExtensibilityGlobals) = postSolution
		SolutionGuid = {F44EC121-C7A8-40FC-ABC5-01F961387501}
	EndGlobalSection
EndGlobal
